<Solution>
  <Configurations>
    <Platform Name="Any CPU" />
    <Platform Name="x64" />
    <Platform Name="x86" />
  </Configurations>
  <Folder Name="/game/">
    <Project Path="game/AetherGame/AetherGame.csproj" />
  </Folder>
  <Folder Name="/managed/">
    <Project Path="managed/AetherCore.Interop/AetherCore.Interop.csproj" />
    <Project Path="managed/AetherCore/AetherCore.csproj" />
  </Folder>
</Solution>
