<Solution>
  <Configurations>
    <Platform Name="Any CPU" />
    <Platform Name="x64" />
    <Platform Name="x86" />
  </Configurations>
  <Folder Name="/managed/">
    <Project Path="AetherCore.Interop/AetherCore.Interop.csproj" />
    <Project Path="AetherCore.Tests/AetherCore.Tests.csproj" />
    <Project Path="AetherCore/AetherCore.csproj" />
  </Folder>
</Solution>
